// !$*UTF8*$!
{
	archiveVersion = 1;
	classes = {
	};
	objectVersion = 63;
	objects = {

/* Begin PBXBuildFile section */
		0291417DACA517BF404CB77E /* ChatView.swift in Sources */ = {isa = PBXBuildFile; fileRef = 34B27628A1A114A2708F2887 /* ChatView.swift */; };
		09872F3BA84782EE033D3E84 /* AvailableModelsView.swift in Sources */ = {isa = PBXBuildFile; fileRef = 166905377217DEE8CC10FC77 /* AvailableModelsView.swift */; };
		0DC367BB5B5494E5E61E0E34 /* ProjectsListView.swift in Sources */ = {isa = PBXBuildFile; fileRef = F49C46EDA04E8921804DD7CD /* ProjectsListView.swift */; };
		0E4B5F40A3174371A644CB82 /* ProviderPicker.swift in Sources */ = {isa = PBXBuildFile; fileRef = AFF2C7531A51EB90ACE36D42 /* ProviderPicker.swift */; };
		0F998FE136235FCFC81DC6FF /* ImagePreviewView.swift in Sources */ = {isa = PBXBuildFile; fileRef = EB000B527C2E5966D0785AAD /* ImagePreviewView.swift */; };
		113213119A83A749874915B3 /* GlassSheet.swift in Sources */ = {isa = PBXBuildFile; fileRef = BE04DD0A4685ED39FE31DCEC /* GlassSheet.swift */; };
		1BF9EEC6ED77AAA248164C5F /* ModelPicker.swift in Sources */ = {isa = PBXBuildFile; fileRef = C1664515944F9D6C7344EB03 /* ModelPicker.swift */; };
		1E88C9DEA6B6D022DBA0BDCB /* NanoChatAPI.swift in Sources */ = {isa = PBXBuildFile; fileRef = E1ABC795B09A3C36F87799CF /* NanoChatAPI.swift */; };
		1F5D2B7469D2DA9C77DA0AEA /* AudioPreferences.swift in Sources */ = {isa = PBXBuildFile; fileRef = 2610DEE19D1ECFCD6BB98B7A /* AudioPreferences.swift */; };
		245767F4C7E23366BECD046A /* AudioRecorder.swift in Sources */ = {isa = PBXBuildFile; fileRef = F96ADF93A24182B7CEF0BF8C /* AudioRecorder.swift */; };
		2903745958E926B21CE907B9 /* GlassCard.swift in Sources */ = {isa = PBXBuildFile; fileRef = F4E548298D554723BE7D2CB6 /* GlassCard.swift */; };
		42138CD514B77EFF1A88EA72 /* Message.swift in Sources */ = {isa = PBXBuildFile; fileRef = E1CF1B3A9B46FB65CBD0460F /* Message.swift */; };
		45169F7B86B51D5409665357 /* AudioPlaybackManager.swift in Sources */ = {isa = PBXBuildFile; fileRef = 5D74C00BB1A64E10350CB805 /* AudioPlaybackManager.swift */; };
		48284018CF631D5F09E6E20A /* AssistantsListView.swift in Sources */ = {isa = PBXBuildFile; fileRef = 00DD15764A26719B43912716 /* AssistantsListView.swift */; };
		5215DCDD9B453CF24AF9486F /* AuthenticationManager.swift in Sources */ = {isa = PBXBuildFile; fileRef = EFF0CE8ED0308B58E3FB19F1 /* AuthenticationManager.swift */; };
		53B72E4291690FF60510AD54 /* AccountSettingsView.swift in Sources */ = {isa = PBXBuildFile; fileRef = 12E4B5EEDBBC429FCA2687D8 /* AccountSettingsView.swift */; };
		54DA164D31C8050F27623042 /* ModelManager.swift in Sources */ = {isa = PBXBuildFile; fileRef = D76F6D30C2E95E614927E80D /* ModelManager.swift */; };
		5EEE81464BCD2D36BFA184A4 /* Assistant.swift in Sources */ = {isa = PBXBuildFile; fileRef = 75DDA00B86BE0AD1AEE09BF6 /* Assistant.swift */; };
		5FFD33DB234B67854728DBEB /* Assets.xcassets in Resources */ = {isa = PBXBuildFile; fileRef = 9D88E40B7C7F78BA5DB11E5D /* Assets.xcassets */; };
		67073A55CB590A27D2D6B5DA /* WebSearchMode.swift in Sources */ = {isa = PBXBuildFile; fileRef = 1C3D21C9D16FE69448C885DA /* WebSearchMode.swift */; };
		6724EB484F57DB985EA35281 /* NanoChatApp.swift in Sources */ = {isa = PBXBuildFile; fileRef = 41936341BC22F3B70EA5CBFF /* NanoChatApp.swift */; };
		6CABA18C3E1BBE73F0D7B50D /* Conversation.swift in Sources */ = {isa = PBXBuildFile; fileRef = 025014189CB03650FFDD2E8C /* Conversation.swift */; };
		71237951A17BAC7477C12A2F /* MainTabView.swift in Sources */ = {isa = PBXBuildFile; fileRef = 2F6A945714279F60A1DBD6C1 /* MainTabView.swift */; };
		7531510B5407E769DD71B604 /* WebSearchToggle.swift in Sources */ = {isa = PBXBuildFile; fileRef = 0D09D8D3C6554AD4DF59CA6E /* WebSearchToggle.swift */; };
		798307EC1197F0CBED864234 /* ContentView.swift in Sources */ = {isa = PBXBuildFile; fileRef = BD93C9CDA2EFBB4F93A3B35D /* ContentView.swift */; };
		7EA0EC6545C172E36474D3A7 /* Project.swift in Sources */ = {isa = PBXBuildFile; fileRef = 82DCFB7224956F60543DB857 /* Project.swift */; };
		89E7CB8E1F80040557A6FEFC /* Theme.swift in Sources */ = {isa = PBXBuildFile; fileRef = 6975A1504331B1D93C0EADC1 /* Theme.swift */; };
		8C0C9F201724C3DB51550685 /* AuthenticationView.swift in Sources */ = {isa = PBXBuildFile; fileRef = 4A084B76231E63D08DD25C34 /* AuthenticationView.swift */; };
		8F2C112AFEB793DD7034EB56 /* GlassList.swift in Sources */ = {isa = PBXBuildFile; fileRef = FB219170DF3996FD2078F014 /* GlassList.swift */; };
		920D6E88807C520C20915F8D /* GenerationSettingsViews.swift in Sources */ = {isa = PBXBuildFile; fileRef = D6853017ACA25E398797DAB0 /* GenerationSettingsViews.swift */; };
		93B1F3ABBD120E8E38F1C20B /* ModelCapabilityBadge.swift in Sources */ = {isa = PBXBuildFile; fileRef = 92D0843EC4FD015A4E588D32 /* ModelCapabilityBadge.swift */; };
		9D0F5E54C121CC0DA1C94C6F /* ModelInfoView.swift in Sources */ = {isa = PBXBuildFile; fileRef = 5615E88163B35595CF9E6F21 /* ModelInfoView.swift */; };
		9E2DBDBF967D55B679A9575C /* LiquidGlassModifiers.swift in Sources */ = {isa = PBXBuildFile; fileRef = 35897E4CEC090CFFEF8F6723 /* LiquidGlassModifiers.swift */; };
		A0B623515F5C63D1B5DEAC5E /* WebSearchProvider.swift in Sources */ = {isa = PBXBuildFile; fileRef = 4A1372DF6B14CE974C656CC6 /* WebSearchProvider.swift */; };
		A5C8AFDF9283CB5EEA7AF702 /* ConversationsListView.swift in Sources */ = {isa = PBXBuildFile; fileRef = 8E1E8D6FB041CE9A0E34235B /* ConversationsListView.swift */; };
		A608032E66262AEA6E808A7E /* AnalyticsView.swift in Sources */ = {isa = PBXBuildFile; fileRef = 601C29BEED0BEECB337F2ECB /* AnalyticsView.swift */; };
		A8F670966FA1B5AAF158D597 /* SettingsView.swift in Sources */ = {isa = PBXBuildFile; fileRef = E31D4367F8CCA8CF8F767ACB /* SettingsView.swift */; };
		B2E2276FEB100229C322B8A4 /* APIConfiguration.swift in Sources */ = {isa = PBXBuildFile; fileRef = 4C2CFA93868A7C29188DA494 /* APIConfiguration.swift */; };
		B3F6899B2F92D2C4F6F242F6 /* UserSettings.swift in Sources */ = {isa = PBXBuildFile; fileRef = 5020AAC501DDB1A540C4CDEE /* UserSettings.swift */; };
		B4446105961D7DC66826951C /* StarredMessagesView.swift in Sources */ = {isa = PBXBuildFile; fileRef = F5B235F804536C49A57CE1FE /* StarredMessagesView.swift */; };
		C3405AE474B3E79928C937FA /* Analytics.swift in Sources */ = {isa = PBXBuildFile; fileRef = 2DB06A61E7BCB2BAFD0ADDD5 /* Analytics.swift */; };
		C54DD6D8B10CC9099406757C /* GlassButton.swift in Sources */ = {isa = PBXBuildFile; fileRef = 33D1B6BFE44B864BE2351AE2 /* GlassButton.swift */; };
		C71A6ED30E7AA0C7EFE4EF4E /* AttachmentButton.swift in Sources */ = {isa = PBXBuildFile; fileRef = AD642B1A1DB7A6DB444A0152 /* AttachmentButton.swift */; };
		D073C2DB2C0083AE1FF43AD9 /* AnalyticsViewModel.swift in Sources */ = {isa = PBXBuildFile; fileRef = 63E1C991304BB9CF26FDAD68 /* AnalyticsViewModel.swift */; };
		D333F9A999949486663BA2E1 /* AnyCodable.swift in Sources */ = {isa = PBXBuildFile; fileRef = 0209D980F7091ED76C874D66 /* AnyCodable.swift */; };
		D5C5A81FCBB0A5371E511830 /* Entitlements.plist in Resources */ = {isa = PBXBuildFile; fileRef = F525CE460E1FE06B29624306 /* Entitlements.plist */; };
		D994A73562BE85CAD662BC5B /* ThemeManager.swift in Sources */ = {isa = PBXBuildFile; fileRef = 9DF5795352F6BCA8014DCA33 /* ThemeManager.swift */; };
		DBA553F6A52D9D3B47E1ACE6 /* ServerSettingsView.swift in Sources */ = {isa = PBXBuildFile; fileRef = 41DAA13C1EDF2A506F4365C4 /* ServerSettingsView.swift */; };
		DBEF50500951CD5A3556947F /* AssistantManager.swift in Sources */ = {isa = PBXBuildFile; fileRef = 68B2C669943B9C99D6E96BED /* AssistantManager.swift */; };
		DDF8CA7B4AF4DD53855DBCCE /* FollowUpQuestionsView.swift in Sources */ = {isa = PBXBuildFile; fileRef = F8F21B17E69148E1D0C68373 /* FollowUpQuestionsView.swift */; };
		EB546CEFD873FBCBAAF008C1 /* ChatViewModel.swift in Sources */ = {isa = PBXBuildFile; fileRef = DB2AC5A2231AC533627F6732 /* ChatViewModel.swift */; };
		EB7CE8EEFFD68E3C2D37489A /* Model.swift in Sources */ = {isa = PBXBuildFile; fileRef = C7F093E2C2BB581A8E156E4D /* Model.swift */; };
		EF0D9567E675B7B660421641 /* Extensions.swift in Sources */ = {isa = PBXBuildFile; fileRef = 97F8CD0478EEB7EC20F2910F /* Extensions.swift */; };
		F027BA33F14047D36E27C36F /* ModelInfo.swift in Sources */ = {isa = PBXBuildFile; fileRef = 44E43858C06B14987EE90A13 /* ModelInfo.swift */; };
		F277AEA68C9E7C1CFE9ECCDA /* AccountSettingsViewModel.swift in Sources */ = {isa = PBXBuildFile; fileRef = 5B7DF4D25A93694D5F44B3A5 /* AccountSettingsViewModel.swift */; };
/* End PBXBuildFile section */

/* Begin PBXFileReference section */
		00DD15764A26719B43912716 /* AssistantsListView.swift */ = {isa = PBXFileReference; lastKnownFileType = sourcecode.swift; path = AssistantsListView.swift; sourceTree = "<group>"; };
		0209D980F7091ED76C874D66 /* AnyCodable.swift */ = {isa = PBXFileReference; lastKnownFileType = sourcecode.swift; path = AnyCodable.swift; sourceTree = "<group>"; };
		025014189CB03650FFDD2E8C /* Conversation.swift */ = {isa = PBXFileReference; lastKnownFileType = sourcecode.swift; path = Conversation.swift; sourceTree = "<group>"; };
		0D09D8D3C6554AD4DF59CA6E /* WebSearchToggle.swift */ = {isa = PBXFileReference; lastKnownFileType = sourcecode.swift; path = WebSearchToggle.swift; sourceTree = "<group>"; };
		12E4B5EEDBBC429FCA2687D8 /* AccountSettingsView.swift */ = {isa = PBXFileReference; lastKnownFileType = sourcecode.swift; path = AccountSettingsView.swift; sourceTree = "<group>"; };
		166905377217DEE8CC10FC77 /* AvailableModelsView.swift */ = {isa = PBXFileReference; lastKnownFileType = sourcecode.swift; path = AvailableModelsView.swift; sourceTree = "<group>"; };
		1C3D21C9D16FE69448C885DA /* WebSearchMode.swift */ = {isa = PBXFileReference; lastKnownFileType = sourcecode.swift; path = WebSearchMode.swift; sourceTree = "<group>"; };
		2610DEE19D1ECFCD6BB98B7A /* AudioPreferences.swift */ = {isa = PBXFileReference; lastKnownFileType = sourcecode.swift; path = AudioPreferences.swift; sourceTree = "<group>"; };
		2DB06A61E7BCB2BAFD0ADDD5 /* Analytics.swift */ = {isa = PBXFileReference; lastKnownFileType = sourcecode.swift; path = Analytics.swift; sourceTree = "<group>"; };
		2F6A945714279F60A1DBD6C1 /* MainTabView.swift */ = {isa = PBXFileReference; lastKnownFileType = sourcecode.swift; path = MainTabView.swift; sourceTree = "<group>"; };
		33D1B6BFE44B864BE2351AE2 /* GlassButton.swift */ = {isa = PBXFileReference; lastKnownFileType = sourcecode.swift; path = GlassButton.swift; sourceTree = "<group>"; };
		34B27628A1A114A2708F2887 /* ChatView.swift */ = {isa = PBXFileReference; lastKnownFileType = sourcecode.swift; path = ChatView.swift; sourceTree = "<group>"; };
		35897E4CEC090CFFEF8F6723 /* LiquidGlassModifiers.swift */ = {isa = PBXFileReference; lastKnownFileType = sourcecode.swift; path = LiquidGlassModifiers.swift; sourceTree = "<group>"; };
		41936341BC22F3B70EA5CBFF /* NanoChatApp.swift */ = {isa = PBXFileReference; lastKnownFileType = sourcecode.swift; path = NanoChatApp.swift; sourceTree = "<group>"; };
		41DAA13C1EDF2A506F4365C4 /* ServerSettingsView.swift */ = {isa = PBXFileReference; lastKnownFileType = sourcecode.swift; path = ServerSettingsView.swift; sourceTree = "<group>"; };
		44E43858C06B14987EE90A13 /* ModelInfo.swift */ = {isa = PBXFileReference; lastKnownFileType = sourcecode.swift; path = ModelInfo.swift; sourceTree = "<group>"; };
		4A084B76231E63D08DD25C34 /* AuthenticationView.swift */ = {isa = PBXFileReference; lastKnownFileType = sourcecode.swift; path = AuthenticationView.swift; sourceTree = "<group>"; };
		4A1372DF6B14CE974C656CC6 /* WebSearchProvider.swift */ = {isa = PBXFileReference; lastKnownFileType = sourcecode.swift; path = WebSearchProvider.swift; sourceTree = "<group>"; };
		4C2CFA93868A7C29188DA494 /* APIConfiguration.swift */ = {isa = PBXFileReference; lastKnownFileType = sourcecode.swift; path = APIConfiguration.swift; sourceTree = "<group>"; };
		5020AAC501DDB1A540C4CDEE /* UserSettings.swift */ = {isa = PBXFileReference; lastKnownFileType = sourcecode.swift; path = UserSettings.swift; sourceTree = "<group>"; };
		5615E88163B35595CF9E6F21 /* ModelInfoView.swift */ = {isa = PBXFileReference; lastKnownFileType = sourcecode.swift; path = ModelInfoView.swift; sourceTree = "<group>"; };
		5B7DF4D25A93694D5F44B3A5 /* AccountSettingsViewModel.swift */ = {isa = PBXFileReference; lastKnownFileType = sourcecode.swift; path = AccountSettingsViewModel.swift; sourceTree = "<group>"; };
		5D74C00BB1A64E10350CB805 /* AudioPlaybackManager.swift */ = {isa = PBXFileReference; lastKnownFileType = sourcecode.swift; path = AudioPlaybackManager.swift; sourceTree = "<group>"; };
		601C29BEED0BEECB337F2ECB /* AnalyticsView.swift */ = {isa = PBXFileReference; lastKnownFileType = sourcecode.swift; path = AnalyticsView.swift; sourceTree = "<group>"; };
		63E1C991304BB9CF26FDAD68 /* AnalyticsViewModel.swift */ = {isa = PBXFileReference; lastKnownFileType = sourcecode.swift; path = AnalyticsViewModel.swift; sourceTree = "<group>"; };
		68B2C669943B9C99D6E96BED /* AssistantManager.swift */ = {isa = PBXFileReference; lastKnownFileType = sourcecode.swift; path = AssistantManager.swift; sourceTree = "<group>"; };
		6975A1504331B1D93C0EADC1 /* Theme.swift */ = {isa = PBXFileReference; lastKnownFileType = sourcecode.swift; path = Theme.swift; sourceTree = "<group>"; };
		75DDA00B86BE0AD1AEE09BF6 /* Assistant.swift */ = {isa = PBXFileReference; lastKnownFileType = sourcecode.swift; path = Assistant.swift; sourceTree = "<group>"; };
		793AFCFE19A9848C1B74ED93 /* Info.plist */ = {isa = PBXFileReference; lastKnownFileType = text.plist; path = Info.plist; sourceTree = "<group>"; };
		82DCFB7224956F60543DB857 /* Project.swift */ = {isa = PBXFileReference; lastKnownFileType = sourcecode.swift; path = Project.swift; sourceTree = "<group>"; };
		8E1E8D6FB041CE9A0E34235B /* ConversationsListView.swift */ = {isa = PBXFileReference; lastKnownFileType = sourcecode.swift; path = ConversationsListView.swift; sourceTree = "<group>"; };
		92D0843EC4FD015A4E588D32 /* ModelCapabilityBadge.swift */ = {isa = PBXFileReference; lastKnownFileType = sourcecode.swift; path = ModelCapabilityBadge.swift; sourceTree = "<group>"; };
		97F8CD0478EEB7EC20F2910F /* Extensions.swift */ = {isa = PBXFileReference; lastKnownFileType = sourcecode.swift; path = Extensions.swift; sourceTree = "<group>"; };
		9D88E40B7C7F78BA5DB11E5D /* Assets.xcassets */ = {isa = PBXFileReference; lastKnownFileType = folder.assetcatalog; path = Assets.xcassets; sourceTree = "<group>"; };
		9DF5795352F6BCA8014DCA33 /* ThemeManager.swift */ = {isa = PBXFileReference; lastKnownFileType = sourcecode.swift; path = ThemeManager.swift; sourceTree = "<group>"; };
		AD642B1A1DB7A6DB444A0152 /* AttachmentButton.swift */ = {isa = PBXFileReference; lastKnownFileType = sourcecode.swift; path = AttachmentButton.swift; sourceTree = "<group>"; };
		AFF2C7531A51EB90ACE36D42 /* ProviderPicker.swift */ = {isa = PBXFileReference; lastKnownFileType = sourcecode.swift; path = ProviderPicker.swift; sourceTree = "<group>"; };
		BD93C9CDA2EFBB4F93A3B35D /* ContentView.swift */ = {isa = PBXFileReference; lastKnownFileType = sourcecode.swift; path = ContentView.swift; sourceTree = "<group>"; };
		BE04DD0A4685ED39FE31DCEC /* GlassSheet.swift */ = {isa = PBXFileReference; lastKnownFileType = sourcecode.swift; path = GlassSheet.swift; sourceTree = "<group>"; };
		C1664515944F9D6C7344EB03 /* ModelPicker.swift */ = {isa = PBXFileReference; lastKnownFileType = sourcecode.swift; path = ModelPicker.swift; sourceTree = "<group>"; };
		C7F093E2C2BB581A8E156E4D /* Model.swift */ = {isa = PBXFileReference; lastKnownFileType = sourcecode.swift; path = Model.swift; sourceTree = "<group>"; };
		D6853017ACA25E398797DAB0 /* GenerationSettingsViews.swift */ = {isa = PBXFileReference; lastKnownFileType = sourcecode.swift; path = GenerationSettingsViews.swift; sourceTree = "<group>"; };
		D76F6D30C2E95E614927E80D /* ModelManager.swift */ = {isa = PBXFileReference; lastKnownFileType = sourcecode.swift; path = ModelManager.swift; sourceTree = "<group>"; };
		DB2AC5A2231AC533627F6732 /* ChatViewModel.swift */ = {isa = PBXFileReference; lastKnownFileType = sourcecode.swift; path = ChatViewModel.swift; sourceTree = "<group>"; };
		E1ABC795B09A3C36F87799CF /* NanoChatAPI.swift */ = {isa = PBXFileReference; lastKnownFileType = sourcecode.swift; path = NanoChatAPI.swift; sourceTree = "<group>"; };
		E1CF1B3A9B46FB65CBD0460F /* Message.swift */ = {isa = PBXFileReference; lastKnownFileType = sourcecode.swift; path = Message.swift; sourceTree = "<group>"; };
		E31D4367F8CCA8CF8F767ACB /* SettingsView.swift */ = {isa = PBXFileReference; lastKnownFileType = sourcecode.swift; path = SettingsView.swift; sourceTree = "<group>"; };
		EB000B527C2E5966D0785AAD /* ImagePreviewView.swift */ = {isa = PBXFileReference; lastKnownFileType = sourcecode.swift; path = ImagePreviewView.swift; sourceTree = "<group>"; };
		EFF0CE8ED0308B58E3FB19F1 /* AuthenticationManager.swift */ = {isa = PBXFileReference; lastKnownFileType = sourcecode.swift; path = AuthenticationManager.swift; sourceTree = "<group>"; };
		F2325251CBC4D1C43ED4C8A0 /* NanoChatApp.app */ = {isa = PBXFileReference; explicitFileType = wrapper.application; includeInIndex = 0; path = NanoChatApp.app; sourceTree = BUILT_PRODUCTS_DIR; };
		F49C46EDA04E8921804DD7CD /* ProjectsListView.swift */ = {isa = PBXFileReference; lastKnownFileType = sourcecode.swift; path = ProjectsListView.swift; sourceTree = "<group>"; };
		F4E548298D554723BE7D2CB6 /* GlassCard.swift */ = {isa = PBXFileReference; lastKnownFileType = sourcecode.swift; path = GlassCard.swift; sourceTree = "<group>"; };
		F525CE460E1FE06B29624306 /* Entitlements.plist */ = {isa = PBXFileReference; lastKnownFileType = text.plist; path = Entitlements.plist; sourceTree = "<group>"; };
		F5B235F804536C49A57CE1FE /* StarredMessagesView.swift */ = {isa = PBXFileReference; lastKnownFileType = sourcecode.swift; path = StarredMessagesView.swift; sourceTree = "<group>"; };
		F8F21B17E69148E1D0C68373 /* FollowUpQuestionsView.swift */ = {isa = PBXFileReference; lastKnownFileType = sourcecode.swift; path = FollowUpQuestionsView.swift; sourceTree = "<group>"; };
		F96ADF93A24182B7CEF0BF8C /* AudioRecorder.swift */ = {isa = PBXFileReference; lastKnownFileType = sourcecode.swift; path = AudioRecorder.swift; sourceTree = "<group>"; };
		FB219170DF3996FD2078F014 /* GlassList.swift */ = {isa = PBXFileReference; lastKnownFileType = sourcecode.swift; path = GlassList.swift; sourceTree = "<group>"; };
/* End PBXFileReference section */

/* Begin PBXGroup section */
		2036CEDDAE2BAA0F4D1C241F /* Components */ = {
			isa = PBXGroup;
			children = (
				F8F21B17E69148E1D0C68373 /* FollowUpQuestionsView.swift */,
				D6853017ACA25E398797DAB0 /* GenerationSettingsViews.swift */,
				33D1B6BFE44B864BE2351AE2 /* GlassButton.swift */,
				F4E548298D554723BE7D2CB6 /* GlassCard.swift */,
				FB219170DF3996FD2078F014 /* GlassList.swift */,
				BE04DD0A4685ED39FE31DCEC /* GlassSheet.swift */,
			);
			path = Components;
			sourceTree = "<group>";
		};
		44FC120166FD2CB9DAF80394 /* Models */ = {
			isa = PBXGroup;
			children = (
				2DB06A61E7BCB2BAFD0ADDD5 /* Analytics.swift */,
				75DDA00B86BE0AD1AEE09BF6 /* Assistant.swift */,
				025014189CB03650FFDD2E8C /* Conversation.swift */,
				E1CF1B3A9B46FB65CBD0460F /* Message.swift */,
				C7F093E2C2BB581A8E156E4D /* Model.swift */,
				44E43858C06B14987EE90A13 /* ModelInfo.swift */,
				82DCFB7224956F60543DB857 /* Project.swift */,
				5020AAC501DDB1A540C4CDEE /* UserSettings.swift */,
				1C3D21C9D16FE69448C885DA /* WebSearchMode.swift */,
				4A1372DF6B14CE974C656CC6 /* WebSearchProvider.swift */,
			);
			path = Models;
			sourceTree = "<group>";
		};
		49895F040D445125DC9D3023 /* Services */ = {
			isa = PBXGroup;
			children = (
				4C2CFA93868A7C29188DA494 /* APIConfiguration.swift */,
				5D74C00BB1A64E10350CB805 /* AudioPlaybackManager.swift */,
				2610DEE19D1ECFCD6BB98B7A /* AudioPreferences.swift */,
				F96ADF93A24182B7CEF0BF8C /* AudioRecorder.swift */,
				E1ABC795B09A3C36F87799CF /* NanoChatAPI.swift */,
			);
			path = Services;
			sourceTree = "<group>";
		};
		7743587B84657DBAAFF67E44 = {
			isa = PBXGroup;
			children = (
				F65068D7ADB3B206915CCD1E /* NanoChat */,
				E35E55671A4257B3B031216C /* Products */,
			);
			sourceTree = "<group>";
		};
		924D15D87A850D658C8B7311 /* Views */ = {
			isa = PBXGroup;
			children = (
				12E4B5EEDBBC429FCA2687D8 /* AccountSettingsView.swift */,
				601C29BEED0BEECB337F2ECB /* AnalyticsView.swift */,
				00DD15764A26719B43912716 /* AssistantsListView.swift */,
				AD642B1A1DB7A6DB444A0152 /* AttachmentButton.swift */,
				4A084B76231E63D08DD25C34 /* AuthenticationView.swift */,
				166905377217DEE8CC10FC77 /* AvailableModelsView.swift */,
				34B27628A1A114A2708F2887 /* ChatView.swift */,
				8E1E8D6FB041CE9A0E34235B /* ConversationsListView.swift */,
				EB000B527C2E5966D0785AAD /* ImagePreviewView.swift */,
				2F6A945714279F60A1DBD6C1 /* MainTabView.swift */,
				92D0843EC4FD015A4E588D32 /* ModelCapabilityBadge.swift */,
				5615E88163B35595CF9E6F21 /* ModelInfoView.swift */,
				C1664515944F9D6C7344EB03 /* ModelPicker.swift */,
				F49C46EDA04E8921804DD7CD /* ProjectsListView.swift */,
				AFF2C7531A51EB90ACE36D42 /* ProviderPicker.swift */,
				41DAA13C1EDF2A506F4365C4 /* ServerSettingsView.swift */,
				E31D4367F8CCA8CF8F767ACB /* SettingsView.swift */,
				F5B235F804536C49A57CE1FE /* StarredMessagesView.swift */,
				0D09D8D3C6554AD4DF59CA6E /* WebSearchToggle.swift */,
				2036CEDDAE2BAA0F4D1C241F /* Components */,
			);
			path = Views;
			sourceTree = "<group>";
		};
		C766342C608A9E01B5C623F2 /* Utilities */ = {
			isa = PBXGroup;
			children = (
				0209D980F7091ED76C874D66 /* AnyCodable.swift */,
				97F8CD0478EEB7EC20F2910F /* Extensions.swift */,
				35897E4CEC090CFFEF8F6723 /* LiquidGlassModifiers.swift */,
				6975A1504331B1D93C0EADC1 /* Theme.swift */,
			);
			path = Utilities;
			sourceTree = "<group>";
		};
		CA80E24763BDA46AE597F9AD /* ViewModels */ = {
			isa = PBXGroup;
			children = (
				5B7DF4D25A93694D5F44B3A5 /* AccountSettingsViewModel.swift */,
				63E1C991304BB9CF26FDAD68 /* AnalyticsViewModel.swift */,
				68B2C669943B9C99D6E96BED /* AssistantManager.swift */,
				EFF0CE8ED0308B58E3FB19F1 /* AuthenticationManager.swift */,
				DB2AC5A2231AC533627F6732 /* ChatViewModel.swift */,
				D76F6D30C2E95E614927E80D /* ModelManager.swift */,
				9DF5795352F6BCA8014DCA33 /* ThemeManager.swift */,
			);
			path = ViewModels;
			sourceTree = "<group>";
		};
		E35E55671A4257B3B031216C /* Products */ = {
			isa = PBXGroup;
			children = (
				F2325251CBC4D1C43ED4C8A0 /* NanoChatApp.app */,
			);
			name = Products;
			sourceTree = "<group>";
		};
		F65068D7ADB3B206915CCD1E /* NanoChat */ = {
			isa = PBXGroup;
			children = (
				9D88E40B7C7F78BA5DB11E5D /* Assets.xcassets */,
				BD93C9CDA2EFBB4F93A3B35D /* ContentView.swift */,
				F525CE460E1FE06B29624306 /* Entitlements.plist */,
				793AFCFE19A9848C1B74ED93 /* Info.plist */,
				41936341BC22F3B70EA5CBFF /* NanoChatApp.swift */,
				44FC120166FD2CB9DAF80394 /* Models */,
				49895F040D445125DC9D3023 /* Services */,
				C766342C608A9E01B5C623F2 /* Utilities */,
				CA80E24763BDA46AE597F9AD /* ViewModels */,
				924D15D87A850D658C8B7311 /* Views */,
			);
			path = NanoChat;
			sourceTree = "<group>";
		};
/* End PBXGroup section */

/* Begin PBXNativeTarget section */
		A561CCBB52A6DE0FD91B1DA9 /* NanoChatApp */ = {
			isa = PBXNativeTarget;
			buildConfigurationList = 87CB85CA8A4F46DEAD08BE2D /* Build configuration list for PBXNativeTarget "NanoChatApp" */;
			buildPhases = (
				CDDAB14F8C1A80B3C74530D3 /* Sources */,
				3462DEC5D6D00C32CEB4E11E /* Resources */,
			);
			buildRules = (
			);
			dependencies = (
			);
			name = NanoChatApp;
			packageProductDependencies = (
			);
			productName = NanoChatApp;
			productReference = F2325251CBC4D1C43ED4C8A0 /* NanoChatApp.app */;
			productType = "com.apple.product-type.application";
		};
/* End PBXNativeTarget section */

/* Begin PBXProject section */
		352DB368061297AC85541747 /* Project object */ = {
			isa = PBXProject;
			attributes = {
				BuildIndependentTargetsInParallel = YES;
				LastUpgradeCheck = 2620;
				TargetAttributes = {
					A561CCBB52A6DE0FD91B1DA9 = {
						ProvisioningStyle = Automatic;
					};
				};
			};
			buildConfigurationList = 765C87B0EC5A04781F6A6E1C /* Build configuration list for PBXProject "NanoChatApp" */;
			compatibilityVersion = "Xcode 14.0";
			developmentRegion = en;
			hasScannedForEncodings = 0;
			knownRegions = (
				Base,
				en,
			);
			mainGroup = 7743587B84657DBAAFF67E44;
			minimizedProjectReferenceProxies = 1;
			projectDirPath = "";
			projectRoot = "";
			targets = (
				A561CCBB52A6DE0FD91B1DA9 /* NanoChatApp */,
			);
		};
/* End PBXProject section */

/* Begin PBXResourcesBuildPhase section */
		3462DEC5D6D00C32CEB4E11E /* Resources */ = {
			isa = PBXResourcesBuildPhase;
			buildActionMask = 2147483647;
			files = (
				5FFD33DB234B67854728DBEB /* Assets.xcassets in Resources */,
				D5C5A81FCBB0A5371E511830 /* Entitlements.plist in Resources */,
			);
			runOnlyForDeploymentPostprocessing = 0;
		};
/* End PBXResourcesBuildPhase section */

/* Begin PBXSourcesBuildPhase section */
		CDDAB14F8C1A80B3C74530D3 /* Sources */ = {
			isa = PBXSourcesBuildPhase;
			buildActionMask = 2147483647;
			files = (
				B2E2276FEB100229C322B8A4 /* APIConfiguration.swift in Sources */,
				53B72E4291690FF60510AD54 /* AccountSettingsView.swift in Sources */,
				F277AEA68C9E7C1CFE9ECCDA /* AccountSettingsViewModel.swift in Sources */,
				C3405AE474B3E79928C937FA /* Analytics.swift in Sources */,
				A608032E66262AEA6E808A7E /* AnalyticsView.swift in Sources */,
				D073C2DB2C0083AE1FF43AD9 /* AnalyticsViewModel.swift in Sources */,
				D333F9A999949486663BA2E1 /* AnyCodable.swift in Sources */,
				5EEE81464BCD2D36BFA184A4 /* Assistant.swift in Sources */,
				DBEF50500951CD5A3556947F /* AssistantManager.swift in Sources */,
				48284018CF631D5F09E6E20A /* AssistantsListView.swift in Sources */,
				C71A6ED30E7AA0C7EFE4EF4E /* AttachmentButton.swift in Sources */,
				45169F7B86B51D5409665357 /* AudioPlaybackManager.swift in Sources */,
				1F5D2B7469D2DA9C77DA0AEA /* AudioPreferences.swift in Sources */,
				245767F4C7E23366BECD046A /* AudioRecorder.swift in Sources */,
				5215DCDD9B453CF24AF9486F /* AuthenticationManager.swift in Sources */,
				8C0C9F201724C3DB51550685 /* AuthenticationView.swift in Sources */,
				09872F3BA84782EE033D3E84 /* AvailableModelsView.swift in Sources */,
				0291417DACA517BF404CB77E /* ChatView.swift in Sources */,
				EB546CEFD873FBCBAAF008C1 /* ChatViewModel.swift in Sources */,
				798307EC1197F0CBED864234 /* ContentView.swift in Sources */,
				6CABA18C3E1BBE73F0D7B50D /* Conversation.swift in Sources */,
				A5C8AFDF9283CB5EEA7AF702 /* ConversationsListView.swift in Sources */,
				EF0D9567E675B7B660421641 /* Extensions.swift in Sources */,
				DDF8CA7B4AF4DD53855DBCCE /* FollowUpQuestionsView.swift in Sources */,
				920D6E88807C520C20915F8D /* GenerationSettingsViews.swift in Sources */,
				C54DD6D8B10CC9099406757C /* GlassButton.swift in Sources */,
				2903745958E926B21CE907B9 /* GlassCard.swift in Sources */,
				8F2C112AFEB793DD7034EB56 /* GlassList.swift in Sources */,
				113213119A83A749874915B3 /* GlassSheet.swift in Sources */,
				0F998FE136235FCFC81DC6FF /* ImagePreviewView.swift in Sources */,
				9E2DBDBF967D55B679A9575C /* LiquidGlassModifiers.swift in Sources */,
				71237951A17BAC7477C12A2F /* MainTabView.swift in Sources */,
				42138CD514B77EFF1A88EA72 /* Message.swift in Sources */,
				EB7CE8EEFFD68E3C2D37489A /* Model.swift in Sources */,
				93B1F3ABBD120E8E38F1C20B /* ModelCapabilityBadge.swift in Sources */,
				F027BA33F14047D36E27C36F /* ModelInfo.swift in Sources */,
				9D0F5E54C121CC0DA1C94C6F /* ModelInfoView.swift in Sources */,
				54DA164D31C8050F27623042 /* ModelManager.swift in Sources */,
				1BF9EEC6ED77AAA248164C5F /* ModelPicker.swift in Sources */,
				1E88C9DEA6B6D022DBA0BDCB /* NanoChatAPI.swift in Sources */,
				6724EB484F57DB985EA35281 /* NanoChatApp.swift in Sources */,
				7EA0EC6545C172E36474D3A7 /* Project.swift in Sources */,
				0DC367BB5B5494E5E61E0E34 /* ProjectsListView.swift in Sources */,
				0E4B5F40A3174371A644CB82 /* ProviderPicker.swift in Sources */,
				DBA553F6A52D9D3B47E1ACE6 /* ServerSettingsView.swift in Sources */,
				A8F670966FA1B5AAF158D597 /* SettingsView.swift in Sources */,
				B4446105961D7DC66826951C /* StarredMessagesView.swift in Sources */,
				89E7CB8E1F80040557A6FEFC /* Theme.swift in Sources */,
				D994A73562BE85CAD662BC5B /* ThemeManager.swift in Sources */,
				B3F6899B2F92D2C4F6F242F6 /* UserSettings.swift in Sources */,
				67073A55CB590A27D2D6B5DA /* WebSearchMode.swift in Sources */,
				A0B623515F5C63D1B5DEAC5E /* WebSearchProvider.swift in Sources */,
				7531510B5407E769DD71B604 /* WebSearchToggle.swift in Sources */,
			);
			runOnlyForDeploymentPostprocessing = 0;
		};
/* End PBXSourcesBuildPhase section */

/* Begin XCBuildConfiguration section */
		1F9B915432FA70D48D26E252 /* Release */ = {
			isa = XCBuildConfiguration;
			buildSettings = {
				ASSETCATALOG_COMPILER_APPICON_NAME = AppIcon;
				ASSETCATALOG_COMPILER_GENERATE_SWIFT_ASSET_SYMBOL_EXTENSIONS = YES;
				ASSETCATALOG_COMPILER_GLOBAL_ACCENT_COLOR_NAME = AccentColor;
				CODE_SIGN_IDENTITY = "iPhone Developer";
				CODE_SIGN_STYLE = Automatic;
				CURRENT_PROJECT_VERSION = 1;
				DEVELOPMENT_TEAM = YP8HMR9NR6;
				ENABLE_PREVIEWS = YES;
				INFOPLIST_FILE = NanoChat/Info.plist;
				IPHONEOS_DEPLOYMENT_TARGET = 26.0;
				LD_RUNPATH_SEARCH_PATHS = (
					"$(inherited)",
					"@executable_path/Frameworks",
				);
				MARKETING_VERSION = 1.0;
				PRODUCT_BUNDLE_IDENTIFIER = com.0xgingi.nanochat;
				SDKROOT = iphoneos;
				SWIFT_VERSION = 6.2;
				TARGETED_DEVICE_FAMILY = "1,2";
			};
			name = Release;
		};
		2234FC8CBE0E742C008FDB09 /* Debug */ = {
			isa = XCBuildConfiguration;
			buildSettings = {
				ASSETCATALOG_COMPILER_APPICON_NAME = AppIcon;
				ASSETCATALOG_COMPILER_GENERATE_SWIFT_ASSET_SYMBOL_EXTENSIONS = YES;
				ASSETCATALOG_COMPILER_GLOBAL_ACCENT_COLOR_NAME = AccentColor;
				CODE_SIGN_IDENTITY = "iPhone Developer";
				CODE_SIGN_STYLE = Automatic;
				CURRENT_PROJECT_VERSION = 1;
				DEVELOPMENT_TEAM = YP8HMR9NR6;
				ENABLE_PREVIEWS = YES;
				INFOPLIST_FILE = NanoChat/Info.plist;
				IPHONEOS_DEPLOYMENT_TARGET = 26.0;
				LD_RUNPATH_SEARCH_PATHS = (
					"$(inherited)",
					"@executable_path/Frameworks",
				);
				MARKETING_VERSION = 1.0;
				PRODUCT_BUNDLE_IDENTIFIER = com.0xgingi.nanochat;
				SDKROOT = iphoneos;
				SWIFT_VERSION = 6.2;
				TARGETED_DEVICE_FAMILY = "1,2";
			};
			name = Debug;
		};
		261DAEA74A37FBF00FF11ABD /* Release */ = {
			isa = XCBuildConfiguration;
			buildSettings = {
				ALWAYS_SEARCH_USER_PATHS = NO;
				ASSETCATALOG_COMPILER_GENERATE_SWIFT_ASSET_SYMBOL_EXTENSIONS = YES;
				CLANG_ANALYZER_NONNULL = YES;
				CLANG_ANALYZER_NUMBER_OBJECT_CONVERSION = YES_AGGRESSIVE;
				CLANG_CXX_LANGUAGE_STANDARD = "gnu++14";
				CLANG_CXX_LIBRARY = "libc++";
				CLANG_ENABLE_MODULES = YES;
				CLANG_ENABLE_OBJC_ARC = YES;
				CLANG_ENABLE_OBJC_WEAK = YES;
				CLANG_WARN_BLOCK_CAPTURE_AUTORELEASING = YES;
				CLANG_WARN_BOOL_CONVERSION = YES;
				CLANG_WARN_COMMA = YES;
				CLANG_WARN_CONSTANT_CONVERSION = YES;
				CLANG_WARN_DEPRECATED_OBJC_IMPLEMENTATIONS = YES;
				CLANG_WARN_DIRECT_OBJC_ISA_USAGE = YES_ERROR;
				CLANG_WARN_DOCUMENTATION_COMMENTS = YES;
				CLANG_WARN_EMPTY_BODY = YES;
				CLANG_WARN_ENUM_CONVERSION = YES;
				CLANG_WARN_INFINITE_RECURSION = YES;
				CLANG_WARN_INT_CONVERSION = YES;
				CLANG_WARN_NON_LITERAL_NULL_CONVERSION = YES;
				CLANG_WARN_OBJC_IMPLICIT_RETAIN_SELF = YES;
				CLANG_WARN_OBJC_LITERAL_CONVERSION = YES;
				CLANG_WARN_OBJC_ROOT_CLASS = YES_ERROR;
				CLANG_WARN_QUOTED_INCLUDE_IN_FRAMEWORK_HEADER = YES;
				CLANG_WARN_RANGE_LOOP_ANALYSIS = YES;
				CLANG_WARN_STRICT_PROTOTYPES = YES;
				CLANG_WARN_SUSPICIOUS_MOVE = YES;
				CLANG_WARN_UNGUARDED_AVAILABILITY = YES_AGGRESSIVE;
				CLANG_WARN_UNREACHABLE_CODE = YES;
				CLANG_WARN__DUPLICATE_METHOD_MATCH = YES;
				COPY_PHASE_STRIP = NO;
				DEBUG_INFORMATION_FORMAT = "dwarf-with-dsym";
				ENABLE_NS_ASSERTIONS = NO;
				ENABLE_STRICT_OBJC_MSGSEND = YES;
				ENABLE_USER_SCRIPT_SANDBOXING = YES;
				GCC_C_LANGUAGE_STANDARD = gnu11;
				GCC_NO_COMMON_BLOCKS = YES;
				GCC_WARN_64_TO_32_BIT_CONVERSION = YES;
				GCC_WARN_ABOUT_RETURN_TYPE = YES_ERROR;
				GCC_WARN_UNDECLARED_SELECTOR = YES;
				GCC_WARN_UNINITIALIZED_AUTOS = YES_AGGRESSIVE;
				GCC_WARN_UNUSED_FUNCTION = YES;
				GCC_WARN_UNUSED_VARIABLE = YES;
				IPHONEOS_DEPLOYMENT_TARGET = 26.0;
				MTL_ENABLE_DEBUG_INFO = NO;
				MTL_FAST_MATH = YES;
				PRODUCT_NAME = "$(TARGET_NAME)";
				SDKROOT = iphoneos;
				STRING_CATALOG_GENERATE_SYMBOLS = YES;
				SWIFT_COMPILATION_MODE = wholemodule;
				SWIFT_OPTIMIZATION_LEVEL = "-O";
				SWIFT_VERSION = 5.0;
			};
			name = Release;
		};
		4C74DA538363ADF6F0122A20 /* Debug */ = {
			isa = XCBuildConfiguration;
			buildSettings = {
				ALWAYS_SEARCH_USER_PATHS = NO;
				ASSETCATALOG_COMPILER_GENERATE_SWIFT_ASSET_SYMBOL_EXTENSIONS = YES;
				CLANG_ANALYZER_NONNULL = YES;
				CLANG_ANALYZER_NUMBER_OBJECT_CONVERSION = YES_AGGRESSIVE;
				CLANG_CXX_LANGUAGE_STANDARD = "gnu++14";
				CLANG_CXX_LIBRARY = "libc++";
				CLANG_ENABLE_MODULES = YES;
				CLANG_ENABLE_OBJC_ARC = YES;
				CLANG_ENABLE_OBJC_WEAK = YES;
				CLANG_WARN_BLOCK_CAPTURE_AUTORELEASING = YES;
				CLANG_WARN_BOOL_CONVERSION = YES;
				CLANG_WARN_COMMA = YES;
				CLANG_WARN_CONSTANT_CONVERSION = YES;
				CLANG_WARN_DEPRECATED_OBJC_IMPLEMENTATIONS = YES;
				CLANG_WARN_DIRECT_OBJC_ISA_USAGE = YES_ERROR;
				CLANG_WARN_DOCUMENTATION_COMMENTS = YES;
				CLANG_WARN_EMPTY_BODY = YES;
				CLANG_WARN_ENUM_CONVERSION = YES;
				CLANG_WARN_INFINITE_RECURSION = YES;
				CLANG_WARN_INT_CONVERSION = YES;
				CLANG_WARN_NON_LITERAL_NULL_CONVERSION = YES;
				CLANG_WARN_OBJC_IMPLICIT_RETAIN_SELF = YES;
				CLANG_WARN_OBJC_LITERAL_CONVERSION = YES;
				CLANG_WARN_OBJC_ROOT_CLASS = YES_ERROR;
				CLANG_WARN_QUOTED_INCLUDE_IN_FRAMEWORK_HEADER = YES;
				CLANG_WARN_RANGE_LOOP_ANALYSIS = YES;
				CLANG_WARN_STRICT_PROTOTYPES = YES;
				CLANG_WARN_SUSPICIOUS_MOVE = YES;
				CLANG_WARN_UNGUARDED_AVAILABILITY = YES_AGGRESSIVE;
				CLANG_WARN_UNREACHABLE_CODE = YES;
				CLANG_WARN__DUPLICATE_METHOD_MATCH = YES;
				COPY_PHASE_STRIP = NO;
				DEBUG_INFORMATION_FORMAT = dwarf;
				ENABLE_STRICT_OBJC_MSGSEND = YES;
				ENABLE_TESTABILITY = YES;
				ENABLE_USER_SCRIPT_SANDBOXING = YES;
				GCC_C_LANGUAGE_STANDARD = gnu11;
				GCC_DYNAMIC_NO_PIC = NO;
				GCC_NO_COMMON_BLOCKS = YES;
				GCC_OPTIMIZATION_LEVEL = 0;
				GCC_PREPROCESSOR_DEFINITIONS = (
					"$(inherited)",
					"DEBUG=1",
				);
				GCC_WARN_64_TO_32_BIT_CONVERSION = YES;
				GCC_WARN_ABOUT_RETURN_TYPE = YES_ERROR;
				GCC_WARN_UNDECLARED_SELECTOR = YES;
				GCC_WARN_UNINITIALIZED_AUTOS = YES_AGGRESSIVE;
				GCC_WARN_UNUSED_FUNCTION = YES;
				GCC_WARN_UNUSED_VARIABLE = YES;
				IPHONEOS_DEPLOYMENT_TARGET = 26.0;
				MTL_ENABLE_DEBUG_INFO = INCLUDE_SOURCE;
				MTL_FAST_MATH = YES;
				ONLY_ACTIVE_ARCH = YES;
				PRODUCT_NAME = "$(TARGET_NAME)";
				SDKROOT = iphoneos;
				STRING_CATALOG_GENERATE_SYMBOLS = YES;
				SWIFT_ACTIVE_COMPILATION_CONDITIONS = DEBUG;
				SWIFT_OPTIMIZATION_LEVEL = "-Onone";
				SWIFT_VERSION = 5.0;
			};
			name = Debug;
		};
/* End XCBuildConfiguration section */

/* Begin XCConfigurationList section */
		765C87B0EC5A04781F6A6E1C /* Build configuration list for PBXProject "NanoChatApp" */ = {
			isa = XCConfigurationList;
			buildConfigurations = (
				4C74DA538363ADF6F0122A20 /* Debug */,
				261DAEA74A37FBF00FF11ABD /* Release */,
			);
			defaultConfigurationIsVisible = 0;
			defaultConfigurationName = Debug;
		};
		87CB85CA8A4F46DEAD08BE2D /* Build configuration list for PBXNativeTarget "NanoChatApp" */ = {
			isa = XCConfigurationList;
			buildConfigurations = (
				2234FC8CBE0E742C008FDB09 /* Debug */,
				1F9B915432FA70D48D26E252 /* Release */,
			);
			defaultConfigurationIsVisible = 0;
			defaultConfigurationName = Debug;
		};
/* End XCConfigurationList section */
	};
	rootObject = 352DB368061297AC85541747 /* Project object */;
}
